
Microsoft Visual Studio Solution File, Format Version 12.00
# Visual Studio Version 16
VisualStudioVersion = 16.0.31321.278
MinimumVisualStudioVersion = 10.0.40219.1
Project("{8BC9CEB8-8B4A-11D0-8D11-00A0C91BC942}") = "HyperViz", "HyperViz\HyperViz.vcxproj", "{4CDF74D3-3945-4E08-AD88-AF699762C1A8}"
EndProject
Global
	GlobalSection(SolutionConfigurationPlatforms) = preSolution
		Debug|x64 = Debug|x64
		Debug|x86 = Debug|x86
		Release|x64 = Release|x64
		Release|x86 = Release|x86
	EndGlobalSection
	GlobalSection(ProjectConfigurationPlatforms) = postSolution
		{4CDF74D3-3945-4E08-AD88-AF699762C1A8}.Debug|x64.ActiveCfg = Debug|x64
		{4CDF74D3-3945-4E08-AD88-AF699762C1A8}.Debug|x64.Build.0 = Debug|x64
		{4CDF74D3-3945-4E08-AD88-AF699762C1A8}.Debug|x86.ActiveCfg = Debug|Win32
		{4CDF74D3-3945-4E08-AD88-AF699762C1A8}.Debug|x86.Build.0 = Debug|Win32
		{4CDF74D3-3945-4E08-AD88-AF699762C1A8}.Release|x64.ActiveCfg = Release|x64
		{4CDF74D3-3945-4E08-AD88-AF699762C1A8}.Release|x64.Build.0 = Release|x64
		{4CDF74D3-3945-4E08-AD88-AF699762C1A8}.Release|x86.ActiveCfg = Release|Win32
		{4CDF74D3-3945-4E08-AD88-AF699762C1A8}.Release|x86.Build.0 = Release|Win32
	EndGlobalSection
	GlobalSection(SolutionProperties) = preSolution
		HideSolutionNode = FALSE
	EndGlobalSection
	GlobalSection(ExtensibilityGlobals) = postSolution
		SolutionGuid = {5F11B5D5-2F17-4C43-B414-76186510F4A9}
	EndGlobalSection
EndGlobal
